{
    "_meta": {
        "hash": {
            "sha256": "59a741b2e74001570fbd24e85d8ecf25f443c713e923cc7f0de51c535ef8b71d"
        },
        "pipfile-spec": 6,
        "requires": {
            "python_version": "3.7"
        },
        "sources": [
            {
                "name": "pypi",
                "url": "https://pypi.org/simple",
                "verify_ssl": true
            }
        ]
    },
    "default": {
        "huey": {
            "hashes": [
                "sha256:733e04a3bdbc4b2506ddb20c8c6b51f5e456a15c855be69b38a708cf0dcc23c7"
            ],
            "index": "pypi",
            "version": "==2.0.1"
        },
        "redis": {
            "hashes": [
                "sha256:6946b5dca72e86103edc8033019cc3814c031232d339d5f4533b02ea85685175",
                "sha256:8ca418d2ddca1b1a850afa1680a7d2fd1f3322739271de4b704e0d4668449273"
            ],
            "index": "pypi",
            "version": "==3.2.1"
        }
    },
    "develop": {}
}
