{
    "_meta": {
        "hash": {
            "sha256": "9f2f6bfa06a73a98245b5f5906d01ec9b17b5a84bcbe7d73865aa10f3a7e476d"
        },
        "pipfile-spec": 6,
        "requires": {
            "python_version": "3.7"
        },
        "sources": [
            {
                "name": "pypi",
                "url": "https://pypi.org/simple",
                "verify_ssl": true
            }
        ]
    },
    "default": {
        "huey": {
            "hashes": [
                "sha256:af91e62b48b019080df307d568fbfec452929c6b2c2e7e8eaee622faf7a7cfff"
            ],
            "index": "pypi",
            "version": "==1.10.4"
        },
        "redis": {
            "hashes": [
                "sha256:6946b5dca72e86103edc8033019cc3814c031232d339d5f4533b02ea85685175",
                "sha256:8ca418d2ddca1b1a850afa1680a7d2fd1f3322739271de4b704e0d4668449273"
            ],
            "index": "pypi",
            "version": "==3.2.1"
        }
    },
    "develop": {}
}
